
Microsoft Visual Studio Solution File, Format Version 12.00
# Visual Studio Version 16
VisualStudioVersion = 16.0.30907.101
MinimumVisualStudioVersion = 10.0.40219.1
Project("{9A19103F-16F7-4668-BE54-9A1E7A4F7556}") = "PL", "ForumApp\PL.csproj", "{588499EF-E4C0-4037-BF52-6EF4C80ED5A2}"
EndProject
Project("{9A19103F-16F7-4668-BE54-9A1E7A4F7556}") = "BLL", "BLL\BLL.csproj", "{C99BC51E-AB66-43C3-A470-4A99A66AF04D}"
EndProject
Project("{9A19103F-16F7-4668-BE54-9A1E7A4F7556}") = "DAL", "DAL\DAL.csproj", "{AD2E9F74-6BA1-4E22-AA2E-8C5B7FC003B4}"
EndProject
Project("{FAE04EC0-301F-11D3-BF4B-00C04F79EFBC}") = "Tests", "Tests\Tests.csproj", "{9304E5CF-5854-4571-A7D4-67BDEB5CF3C7}"
EndProject
Global
	GlobalSection(SolutionConfigurationPlatforms) = preSolution
		Debug|Any CPU = Debug|Any CPU
		Release|Any CPU = Release|Any CPU
	EndGlobalSection
	GlobalSection(ProjectConfigurationPlatforms) = postSolution
		{588499EF-E4C0-4037-BF52-6EF4C80ED5A2}.Debug|Any CPU.ActiveCfg = Debug|Any CPU
		{588499EF-E4C0-4037-BF52-6EF4C80ED5A2}.Debug|Any CPU.Build.0 = Debug|Any CPU
		{588499EF-E4C0-4037-BF52-6EF4C80ED5A2}.Release|Any CPU.ActiveCfg = Release|Any CPU
		{588499EF-E4C0-4037-BF52-6EF4C80ED5A2}.Release|Any CPU.Build.0 = Release|Any CPU
		{C99BC51E-AB66-43C3-A470-4A99A66AF04D}.Debug|Any CPU.ActiveCfg = Debug|Any CPU
		{C99BC51E-AB66-43C3-A470-4A99A66AF04D}.Debug|Any CPU.Build.0 = Debug|Any CPU
		{C99BC51E-AB66-43C3-A470-4A99A66AF04D}.Release|Any CPU.ActiveCfg = Release|Any CPU
		{C99BC51E-AB66-43C3-A470-4A99A66AF04D}.Release|Any CPU.Build.0 = Release|Any CPU
		{AD2E9F74-6BA1-4E22-AA2E-8C5B7FC003B4}.Debug|Any CPU.ActiveCfg = Debug|Any CPU
		{AD2E9F74-6BA1-4E22-AA2E-8C5B7FC003B4}.Debug|Any CPU.Build.0 = Debug|Any CPU
		{AD2E9F74-6BA1-4E22-AA2E-8C5B7FC003B4}.Release|Any CPU.ActiveCfg = Release|Any CPU
		{AD2E9F74-6BA1-4E22-AA2E-8C5B7FC003B4}.Release|Any CPU.Build.0 = Release|Any CPU
		{9304E5CF-5854-4571-A7D4-67BDEB5CF3C7}.Debug|Any CPU.ActiveCfg = Debug|Any CPU
		{9304E5CF-5854-4571-A7D4-67BDEB5CF3C7}.Debug|Any CPU.Build.0 = Debug|Any CPU
		{9304E5CF-5854-4571-A7D4-67BDEB5CF3C7}.Release|Any CPU.ActiveCfg = Release|Any CPU
		{9304E5CF-5854-4571-A7D4-67BDEB5CF3C7}.Release|Any CPU.Build.0 = Release|Any CPU
	EndGlobalSection
	GlobalSection(SolutionProperties) = preSolution
		HideSolutionNode = FALSE
	EndGlobalSection
	GlobalSection(ExtensibilityGlobals) = postSolution
		SolutionGuid = {7F6277A6-F0F1-467B-A85D-5B2B89DC8C08}
	EndGlobalSection
EndGlobal
